
Microsoft Visual Studio Solution File, Format Version 12.00
# Visual Studio 2017
Project("{FAE04EC0-301F-11D3-BF4B-00C04F79EFBC}") = "HousingPriceRunAway", "HousingPriceRunAway.csproj", "{AFF3FD0C-9E62-CC11-B8C8-46EE4F1F2011}"
EndProject
Project("{FAE04EC0-301F-11D3-BF4B-00C04F79EFBC}") = "HousingPriceRunAway.Editor", "HousingPriceRunAway.Editor.csproj", "{683215A1-C94A-7AC5-6F0D-9B7C206ACFFF}"
EndProject
Global
	GlobalSection(SolutionConfigurationPlatforms) = preSolution
		Debug|Any CPU = Debug|Any CPU
		Release|Any CPU = Release|Any CPU
	EndGlobalSection
	GlobalSection(ProjectConfigurationPlatforms) = postSolution
		{AFF3FD0C-9E62-CC11-B8C8-46EE4F1F2011}.Debug|Any CPU.ActiveCfg = Debug|Any CPU
		{AFF3FD0C-9E62-CC11-B8C8-46EE4F1F2011}.Debug|Any CPU.Build.0 = Debug|Any CPU
		{AFF3FD0C-9E62-CC11-B8C8-46EE4F1F2011}.Release|Any CPU.ActiveCfg = Release|Any CPU
		{AFF3FD0C-9E62-CC11-B8C8-46EE4F1F2011}.Release|Any CPU.Build.0 = Release|Any CPU
		{683215A1-C94A-7AC5-6F0D-9B7C206ACFFF}.Debug|Any CPU.ActiveCfg = Debug|Any CPU
		{683215A1-C94A-7AC5-6F0D-9B7C206ACFFF}.Debug|Any CPU.Build.0 = Debug|Any CPU
		{683215A1-C94A-7AC5-6F0D-9B7C206ACFFF}.Release|Any CPU.ActiveCfg = Release|Any CPU
		{683215A1-C94A-7AC5-6F0D-9B7C206ACFFF}.Release|Any CPU.Build.0 = Release|Any CPU
	EndGlobalSection
	GlobalSection(SolutionProperties) = preSolution
		HideSolutionNode = FALSE
	EndGlobalSection
EndGlobal
